Microsoft Visual Studio Solution File, Format Version 8.00
Project("{8BC9CEB8-8B4A-11D0-8D11-00A0C91BC942}") = "XMLMarkup", "XMLMarkup.vcproj", "{DEDB5C6A-5ECF-46C2-8807-7A6988C21F13}"
	ProjectSection(ProjectDependencies) = postProject
	EndProjectSection
EndProject
Project("{8BC9CEB8-8B4A-11D0-8D11-00A0C91BC942}") = "MarkupTest", "..\MarkupTest\msvc71\MarkupTest.vcproj", "{F72C752C-0AB2-41D6-BC14-E669D6F6DF5B}"
	ProjectSection(ProjectDependencies) = postProject
		{DEDB5C6A-5ECF-46C2-8807-7A6988C21F13} = {DEDB5C6A-5ECF-46C2-8807-7A6988C21F13}
	EndProjectSection
EndProject
Global
	GlobalSection(SolutionConfiguration) = preSolution
		Debug = Debug
		Release = Release
	EndGlobalSection
	GlobalSection(ProjectConfiguration) = postSolution
		{DEDB5C6A-5ECF-46C2-8807-7A6988C21F13}.Debug.ActiveCfg = Debug|Win32
		{DEDB5C6A-5ECF-46C2-8807-7A6988C21F13}.Debug.Build.0 = Debug|Win32
		{DEDB5C6A-5ECF-46C2-8807-7A6988C21F13}.Release.ActiveCfg = Release|Win32
		{DEDB5C6A-5ECF-46C2-8807-7A6988C21F13}.Release.Build.0 = Release|Win32
		{F72C752C-0AB2-41D6-BC14-E669D6F6DF5B}.Debug.ActiveCfg = Debug|Win32
		{F72C752C-0AB2-41D6-BC14-E669D6F6DF5B}.Debug.Build.0 = Debug|Win32
		{F72C752C-0AB2-41D6-BC14-E669D6F6DF5B}.Release.ActiveCfg = Release|Win32
		{F72C752C-0AB2-41D6-BC14-E669D6F6DF5B}.Release.Build.0 = Release|Win32
	EndGlobalSection
	GlobalSection(ExtensibilityGlobals) = postSolution
	EndGlobalSection
	GlobalSection(ExtensibilityAddIns) = postSolution
	EndGlobalSection
EndGlobal
