<?xml version="1.0" encoding="utf-8"?>
<Project ToolsVersion="4.0" xmlns="http://schemas.microsoft.com/developer/msbuild/2003">
  <ItemGroup>
    <Filter Include="Source Files">
      <UniqueIdentifier>{445cdcbc-d06c-4031-bc73-18d936084153}</UniqueIdentifier>
      <Extensions>cpp;c;cxx;rc;def;r;odl;idl;hpj;bat</Extensions>
    </Filter>
    <Filter Include="Header Files">
      <UniqueIdentifier>{4d1d6305-14d3-4058-b8d1-6a6298f1ce94}</UniqueIdentifier>
      <Extensions>h;hpp;hxx;hm;inl</Extensions>
    </Filter>
    <Filter Include="Resource Files">
      <UniqueIdentifier>{df8f75ba-6d5f-4b8d-926d-dbd2ecac199f}</UniqueIdentifier>
      <Extensions>ico;cur;bmp;dlg;rc2;rct;bin;rgs;gif;jpg;jpeg;jpe</Extensions>
    </Filter>
  </ItemGroup>
  <ItemGroup>
    <ClCompile Include="..\sc1.c">
      <Filter>Source Files</Filter>
    </ClCompile>
    <ClCompile Include="..\sc2.c">
      <Filter>Source Files</Filter>
    </ClCompile>
    <ClCompile Include="..\sc3.c">
      <Filter>Source Files</Filter>
    </ClCompile>
    <ClCompile Include="..\sc4.c">
      <Filter>Source Files</Filter>
    </ClCompile>
    <ClCompile Include="..\sc5.c">
      <Filter>Source Files</Filter>
    </ClCompile>
    <ClCompile Include="..\sc6.c">
      <Filter>Source Files</Filter>
    </ClCompile>
    <ClCompile Include="..\sc7.c">
      <Filter>Source Files</Filter>
    </ClCompile>
    <ClCompile Include="..\scexpand.c">
      <Filter>Source Files</Filter>
    </ClCompile>
    <ClCompile Include="..\sclist.c">
      <Filter>Source Files</Filter>
    </ClCompile>
    <ClCompile Include="..\scvars.c">
      <Filter>Source Files</Filter>
    </ClCompile>
  </ItemGroup>
  <ItemGroup>
    <ClInclude Include="..\sc.h">
      <Filter>Header Files</Filter>
    </ClInclude>
  </ItemGroup>
  <ItemGroup>
    <ResourceCompile Include="resource.rc">
      <Filter>Resource Files</Filter>
    </ResourceCompile>
  </ItemGroup>
</Project>