<?xml version="1.0" encoding="utf-8"?>
<Project ToolsVersion="4.0" xmlns="http://schemas.microsoft.com/developer/msbuild/2003">
  <ItemGroup>
    <Filter Include="Source Files">
      <UniqueIdentifier>{cb1efc4c-cfb2-416e-a65b-bf090ad6383f}</UniqueIdentifier>
      <Extensions>cpp;c;cxx;rc;def;r;odl;idl;hpj;bat;for;f90</Extensions>
    </Filter>
    <Filter Include="Resource Files">
      <UniqueIdentifier>{1143af66-fa05-451e-8802-6af47d6cc39c}</UniqueIdentifier>
      <Extensions>ico;cur;bmp;dlg;rc2;rct;bin;cnt;rtf;gif;jpg;jpeg;jpe</Extensions>
    </Filter>
    <Filter Include="Header Files">
      <UniqueIdentifier>{59f6dbe4-e78a-4d82-b5c0-e82446b20172}</UniqueIdentifier>
      <Extensions>.h</Extensions>
    </Filter>
  </ItemGroup>
  <ItemGroup>
    <ClCompile Include="admin_commands.cpp">
      <Filter>Source Files</Filter>
    </ClCompile>
    <ClCompile Include="admin_mod.cpp">
      <Filter>Source Files</Filter>
    </ClCompile>
    <ClCompile Include="AmFSNode.cpp">
      <Filter>Source Files</Filter>
    </ClCompile>
    <ClCompile Include="amlibc.c">
      <Filter>Source Files</Filter>
    </ClCompile>
    <ClCompile Include="amutil.cpp">
      <Filter>Source Files</Filter>
    </ClCompile>
    <ClCompile Include="..\..\tools\amxconvert\amxconv_l.cpp">
      <Filter>Source Files</Filter>
    </ClCompile>
    <ClCompile Include="authid.cpp">
      <Filter>Source Files</Filter>
    </ClCompile>
    <ClCompile Include="cbase.cpp">
      <Filter>Source Files</Filter>
    </ClCompile>
    <ClCompile Include="CLinkList.cpp">
      <Filter>Source Files</Filter>
    </ClCompile>
    <ClCompile Include="CPlugin.cpp">
      <Filter>Source Files</Filter>
    </ClCompile>
    <ClCompile Include="dll.cpp">
      <Filter>Source Files</Filter>
    </ClCompile>
    <ClCompile Include="h_export.cpp">
      <Filter>Source Files</Filter>
    </ClCompile>
    <ClCompile Include="linkfunc.cpp">
      <Filter>Source Files</Filter>
    </ClCompile>
    <ClCompile Include="regex.c">
      <Filter>Source Files</Filter>
    </ClCompile>
    <ClCompile Include="statics.cpp">
      <Filter>Source Files</Filter>
    </ClCompile>
    <ClCompile Include="sutils.cpp">
      <Filter>Source Files</Filter>
    </ClCompile>
    <ClCompile Include="timer.cpp">
      <Filter>Source Files</Filter>
    </ClCompile>
    <ClCompile Include="users.cpp">
      <Filter>Source Files</Filter>
    </ClCompile>
    <ClCompile Include="util.cpp">
      <Filter>Source Files</Filter>
    </ClCompile>
    <ClCompile Include="version.cpp">
      <Filter>Source Files</Filter>
    </ClCompile>
  </ItemGroup>
  <ItemGroup>
    <ResourceCompile Include="adminmod.rc">
      <Filter>Resource Files</Filter>
    </ResourceCompile>
  </ItemGroup>
  <ItemGroup>
    <ClInclude Include="AmFSNode.h">
      <Filter>Header Files</Filter>
    </ClInclude>
    <ClInclude Include="amlibc.h">
      <Filter>Header Files</Filter>
    </ClInclude>
    <ClInclude Include="amutil.h">
      <Filter>Header Files</Filter>
    </ClInclude>
    <ClInclude Include="amx.h">
      <Filter>Header Files</Filter>
    </ClInclude>
    <ClInclude Include="authid.h">
      <Filter>Header Files</Filter>
    </ClInclude>
    <ClInclude Include="CLinkList.h">
      <Filter>Header Files</Filter>
    </ClInclude>
    <ClInclude Include="CPlugin.h">
      <Filter>Header Files</Filter>
    </ClInclude>
    <ClInclude Include="extdll.h">
      <Filter>Header Files</Filter>
    </ClInclude>
    <ClInclude Include="regex.h">
      <Filter>Header Files</Filter>
    </ClInclude>
    <ClInclude Include="statics.h">
      <Filter>Header Files</Filter>
    </ClInclude>
    <ClInclude Include="timer.h">
      <Filter>Header Files</Filter>
    </ClInclude>
    <ClInclude Include="users.h">
      <Filter>Header Files</Filter>
    </ClInclude>
    <ClInclude Include="util.h">
      <Filter>Header Files</Filter>
    </ClInclude>
    <ClInclude Include="version.h">
      <Filter>Header Files</Filter>
    </ClInclude>
  </ItemGroup>
</Project>